PODS:
  - GoogleMaps (2.3.0):
    - GoogleMaps/Maps (= 2.3.0)
  - GoogleMaps/Base (2.3.0)
  - GoogleMaps/Maps (2.3.0):
    - GoogleMaps/Base
  - React (0.44.0):
    - React/Core (= 0.44.0)
  - React/Core (0.44.0):
    - React/cxxreact
    - Yoga (= 0.44.0.React)
  - React/cxxreact (0.44.0):
    - React/jschelpers
  - React/jschelpers (0.44.0)
  - Yoga (0.44.0.React)

DEPENDENCIES:
  - GoogleMaps
  - React (from `../node_modules/react-native`)
  - Yoga (from `../node_modules/react-native/ReactCommon/yoga`)

EXTERNAL SOURCES:
  React:
    :path: ../node_modules/react-native
  Yoga:
    :path: ../node_modules/react-native/ReactCommon/yoga

SPEC CHECKSUMS:
  GoogleMaps: 340a6a0bebd17c2db8abcd3921976c7c53c86cb8
  React: d2077cc20245ccdc8bfe1fdc002f2003318ae8d8
  Yoga: a92a5d8e128905bf9f29c82f870192a6e873dd98

PODFILE CHECKSUM: e36fd19a9d8e8866f090b86410eeda379482473e

COCOAPODS: 1.2.1
